
Microsoft Visual Studio Solution File, Format Version 12.00
Project("{FAE04EC0-301F-11D3-BF4B-00C04F79EFBC}") = "Zad5", "Zad5\Zad5.csproj", "{075597A8-22F2-4043-A4AD-C2E398C3B91A}"
EndProject
Project("{FAE04EC0-301F-11D3-BF4B-00C04F79EFBC}") = "Zad5_Tests", "Zad5_Tests\Zad5_Tests.csproj", "{2298AB1F-E55E-494E-AA3F-434476B4993B}"
EndProject
Global
	GlobalSection(SolutionConfigurationPlatforms) = preSolution
		Debug|Any CPU = Debug|Any CPU
		Release|Any CPU = Release|Any CPU
	EndGlobalSection
	GlobalSection(ProjectConfigurationPlatforms) = postSolution
		{075597A8-22F2-4043-A4AD-C2E398C3B91A}.Debug|Any CPU.ActiveCfg = Debug|Any CPU
		{075597A8-22F2-4043-A4AD-C2E398C3B91A}.Debug|Any CPU.Build.0 = Debug|Any CPU
		{075597A8-22F2-4043-A4AD-C2E398C3B91A}.Release|Any CPU.ActiveCfg = Release|Any CPU
		{075597A8-22F2-4043-A4AD-C2E398C3B91A}.Release|Any CPU.Build.0 = Release|Any CPU
		{2298AB1F-E55E-494E-AA3F-434476B4993B}.Debug|Any CPU.ActiveCfg = Debug|Any CPU
		{2298AB1F-E55E-494E-AA3F-434476B4993B}.Debug|Any CPU.Build.0 = Debug|Any CPU
		{2298AB1F-E55E-494E-AA3F-434476B4993B}.Release|Any CPU.ActiveCfg = Release|Any CPU
		{2298AB1F-E55E-494E-AA3F-434476B4993B}.Release|Any CPU.Build.0 = Release|Any CPU
	EndGlobalSection
EndGlobal
